%{"certifi": {:hex, :certifi, "0.1.1"},
  "hackney": {:hex, :hackney, "1.4.0"},
  "hackney_lib": {:git, "https://github.com/benoitc/hackney_lib.git", "48a5a3fc64892c95e4e3efdd464f26ca5683d2f9", [tag: "0.3.0"]},
  "idna": {:hex, :idna, "1.0.2"},
  "jazz": {:package, "0.1.2"},
  "mimerl": {:hex, :mimerl, "1.0.0"},
  "poison": {:hex, :poison, "1.0.3"},
  "ssl_verify_hostname": {:hex, :ssl_verify_hostname, "1.0.5"}}
